
Microsoft Visual Studio Solution File, Format Version 12.00
# Visual Studio Version 17
VisualStudioVersion = 17.6.33815.320
MinimumVisualStudioVersion = 10.0.40219.1
Project("{FAE04EC0-301F-11D3-BF4B-00C04F79EFBC}") = "Advent2023_17", "Advent2023_17.csproj", "{8966F3C2-801F-47F7-8DF0-FF643A3338AD}"
EndProject
Global
	GlobalSection(SolutionConfigurationPlatforms) = preSolution
		Debug|Any CPU = Debug|Any CPU
		Release|Any CPU = Release|Any CPU
	EndGlobalSection
	GlobalSection(ProjectConfigurationPlatforms) = postSolution
		{8966F3C2-801F-47F7-8DF0-FF643A3338AD}.Debug|Any CPU.ActiveCfg = Debug|Any CPU
		{8966F3C2-801F-47F7-8DF0-FF643A3338AD}.Debug|Any CPU.Build.0 = Debug|Any CPU
		{8966F3C2-801F-47F7-8DF0-FF643A3338AD}.Release|Any CPU.ActiveCfg = Release|Any CPU
		{8966F3C2-801F-47F7-8DF0-FF643A3338AD}.Release|Any CPU.Build.0 = Release|Any CPU
	EndGlobalSection
	GlobalSection(SolutionProperties) = preSolution
		HideSolutionNode = FALSE
	EndGlobalSection
	GlobalSection(ExtensibilityGlobals) = postSolution
		SolutionGuid = {02748291-F022-4A8E-AC44-60ADCCE31100}
	EndGlobalSection
EndGlobal
